
Microsoft Visual Studio Solution File, Format Version 12.00
# Visual Studio Version 16
VisualStudioVersion = 16.0.29123.88
MinimumVisualStudioVersion = 10.0.40219.1
Project("{FAE04EC0-301F-11D3-BF4B-00C04F79EFBC}") = "TasksPractice", "TasksPractice\TasksPractice.csproj", "{6AD36533-15BE-42C2-9867-7C224CC9814A}"
EndProject
Global
	GlobalSection(SolutionConfigurationPlatforms) = preSolution
		Debug|Any CPU = Debug|Any CPU
		Release|Any CPU = Release|Any CPU
	EndGlobalSection
	GlobalSection(ProjectConfigurationPlatforms) = postSolution
		{6AD36533-15BE-42C2-9867-7C224CC9814A}.Debug|Any CPU.ActiveCfg = Debug|Any CPU
		{6AD36533-15BE-42C2-9867-7C224CC9814A}.Debug|Any CPU.Build.0 = Debug|Any CPU
		{6AD36533-15BE-42C2-9867-7C224CC9814A}.Release|Any CPU.ActiveCfg = Release|Any CPU
		{6AD36533-15BE-42C2-9867-7C224CC9814A}.Release|Any CPU.Build.0 = Release|Any CPU
	EndGlobalSection
	GlobalSection(SolutionProperties) = preSolution
		HideSolutionNode = FALSE
	EndGlobalSection
	GlobalSection(ExtensibilityGlobals) = postSolution
		SolutionGuid = {CDCF3134-390A-429C-BD25-3E46496AFF62}
	EndGlobalSection
EndGlobal
